
Microsoft Visual Studio Solution File, Format Version 12.00
# Visual Studio 15
VisualStudioVersion = 15.0.27703.2047
MinimumVisualStudioVersion = 10.0.40219.1
Project("{FAE04EC0-301F-11D3-BF4B-00C04F79EFBC}") = "HelloWorldAPI", "HelloWorldAPI\HelloWorldAPI.csproj", "{BDBDB4BA-CDEE-425C-BBF3-E3D94BC8CDBB}"
EndProject
Global
	GlobalSection(SolutionConfigurationPlatforms) = preSolution
		Debug|Any CPU = Debug|Any CPU
		Release|Any CPU = Release|Any CPU
	EndGlobalSection
	GlobalSection(ProjectConfigurationPlatforms) = postSolution
		{BDBDB4BA-CDEE-425C-BBF3-E3D94BC8CDBB}.Debug|Any CPU.ActiveCfg = Debug|Any CPU
		{BDBDB4BA-CDEE-425C-BBF3-E3D94BC8CDBB}.Debug|Any CPU.Build.0 = Debug|Any CPU
		{BDBDB4BA-CDEE-425C-BBF3-E3D94BC8CDBB}.Release|Any CPU.ActiveCfg = Release|Any CPU
		{BDBDB4BA-CDEE-425C-BBF3-E3D94BC8CDBB}.Release|Any CPU.Build.0 = Release|Any CPU
	EndGlobalSection
	GlobalSection(SolutionProperties) = preSolution
		HideSolutionNode = FALSE
	EndGlobalSection
	GlobalSection(ExtensibilityGlobals) = postSolution
		SolutionGuid = {0923EB0B-B994-4BA3-AC19-38050F4D73E2}
	EndGlobalSection
EndGlobal
